
Microsoft Visual Studio Solution File, Format Version 12.00
# Visual Studio Version 17
VisualStudioVersion = 17.8.34227.203
MinimumVisualStudioVersion = 10.0.40219.1
Project("{FAE04EC0-301F-11D3-BF4B-00C04F79EFBC}") = "Jcf.Challenge.BtzTransports.App.Server", "Jcf.Challenge.BtzTransports.App\Jcf.Challenge.BtzTransports.App.Server\Jcf.Challenge.BtzTransports.App.Server.csproj", "{F2CE4DD4-149C-4CA0-A493-E0F37F76E274}"
EndProject
Project("{54A90642-561A-4BB1-A94E-469ADEE60C69}") = "jcf.challenge.btztransports.app.client", "Jcf.Challenge.BtzTransports.App\jcf.challenge.btztransports.app.client\jcf.challenge.btztransports.app.client.esproj", "{281D7A98-F31E-42F5-8CC7-A49E7D191DFE}"
EndProject
Global
	GlobalSection(SolutionConfigurationPlatforms) = preSolution
		Debug|Any CPU = Debug|Any CPU
		Release|Any CPU = Release|Any CPU
	EndGlobalSection
	GlobalSection(ProjectConfigurationPlatforms) = postSolution
		{F2CE4DD4-149C-4CA0-A493-E0F37F76E274}.Debug|Any CPU.ActiveCfg = Debug|Any CPU
		{F2CE4DD4-149C-4CA0-A493-E0F37F76E274}.Debug|Any CPU.Build.0 = Debug|Any CPU
		{F2CE4DD4-149C-4CA0-A493-E0F37F76E274}.Release|Any CPU.ActiveCfg = Release|Any CPU
		{F2CE4DD4-149C-4CA0-A493-E0F37F76E274}.Release|Any CPU.Build.0 = Release|Any CPU
		{281D7A98-F31E-42F5-8CC7-A49E7D191DFE}.Debug|Any CPU.ActiveCfg = Debug|Any CPU
		{281D7A98-F31E-42F5-8CC7-A49E7D191DFE}.Debug|Any CPU.Build.0 = Debug|Any CPU
		{281D7A98-F31E-42F5-8CC7-A49E7D191DFE}.Debug|Any CPU.Deploy.0 = Debug|Any CPU
		{281D7A98-F31E-42F5-8CC7-A49E7D191DFE}.Release|Any CPU.ActiveCfg = Release|Any CPU
		{281D7A98-F31E-42F5-8CC7-A49E7D191DFE}.Release|Any CPU.Build.0 = Release|Any CPU
		{281D7A98-F31E-42F5-8CC7-A49E7D191DFE}.Release|Any CPU.Deploy.0 = Release|Any CPU
	EndGlobalSection
	GlobalSection(SolutionProperties) = preSolution
		HideSolutionNode = FALSE
	EndGlobalSection
	GlobalSection(ExtensibilityGlobals) = postSolution
		SolutionGuid = {32CDC8FC-0BAD-47D3-B148-26EC51E1FDD7}
	EndGlobalSection
EndGlobal
